// !$*UTF8*$!
{
	archiveVersion = 1;
	classes = {
	};
	objectVersion = 46;
	objects = {

/* Begin PBXBuildFile section */
		2EA8CB1A1D701DE2005379E2 /* WebSocket.swift in Sources */ = {isa = PBXBuildFile; fileRef = 2EA8CB191D701DE2005379E2 /* WebSocket.swift */; };
		2EA8CB1C1D70220E005379E2 /* libz.tbd in Frameworks */ = {isa = PBXBuildFile; fileRef = 2EA8CB1B1D70220E005379E2 /* libz.tbd */; };
		65DA56C81D6DD6E900BE2365 /* LaunchScreen.storyboard in Resources */ = {isa = PBXBuildFile; fileRef = 65DA56C61D6DD6E900BE2365 /* LaunchScreen.storyboard */; };
		65DA56DD1D6DD77500BE2365 /* Annotation.swift in Sources */ = {isa = PBXBuildFile; fileRef = 65DA56CF1D6DD77500BE2365 /* Annotation.swift */; };
		65DA56DE1D6DD77500BE2365 /* AppDelegate.swift in Sources */ = {isa = PBXBuildFile; fileRef = 65DA56D01D6DD77500BE2365 /* AppDelegate.swift */; };
		65DA56DF1D6DD77500BE2365 /* ItemLiveViewController.swift in Sources */ = {isa = PBXBuildFile; fileRef = 65DA56D11D6DD77500BE2365 /* ItemLiveViewController.swift */; };
		65DA56E01D6DD77500BE2365 /* ItemLiveViewController.xib in Resources */ = {isa = PBXBuildFile; fileRef = 65DA56D21D6DD77500BE2365 /* ItemLiveViewController.xib */; };
		65DA56E11D6DD77500BE2365 /* ItemsListViewController.swift in Sources */ = {isa = PBXBuildFile; fileRef = 65DA56D31D6DD77500BE2365 /* ItemsListViewController.swift */; };
		65DA56E21D6DD77500BE2365 /* ItemsListViewController.xib in Resources */ = {isa = PBXBuildFile; fileRef = 65DA56D41D6DD77500BE2365 /* ItemsListViewController.xib */; };
		65DA56E31D6DD77500BE2365 /* ItemTableViewCell.swift in Sources */ = {isa = PBXBuildFile; fileRef = 65DA56D51D6DD77500BE2365 /* ItemTableViewCell.swift */; };
		65DA56E41D6DD77500BE2365 /* ItemTableViewCell.xib in Resources */ = {isa = PBXBuildFile; fileRef = 65DA56D61D6DD77500BE2365 /* ItemTableViewCell.xib */; };
		65DA56E61D6DD77500BE2365 /* MockAssetsAccess.swift in Sources */ = {isa = PBXBuildFile; fileRef = 65DA56D81D6DD77500BE2365 /* MockAssetsAccess.swift */; };
		65DA56E71D6DD77500BE2365 /* MockLiveTracker.swift in Sources */ = {isa = PBXBuildFile; fileRef = 65DA56D91D6DD77500BE2365 /* MockLiveTracker.swift */; };
		65DA56E81D6DD77500BE2365 /* SimpleTableViewDataSource.swift in Sources */ = {isa = PBXBuildFile; fileRef = 65DA56DA1D6DD77500BE2365 /* SimpleTableViewDataSource.swift */; };
		65DA56E91D6DD77500BE2365 /* String+UIImage.swift in Sources */ = {isa = PBXBuildFile; fileRef = 65DA56DB1D6DD77500BE2365 /* String+UIImage.swift */; };
		65DA56EA1D6DD77500BE2365 /* UIColor+Colorflow.swift in Sources */ = {isa = PBXBuildFile; fileRef = 65DA56DC1D6DD77500BE2365 /* UIColor+Colorflow.swift */; };
		65DA56EC1D6DD7BA00BE2365 /* Assets.xcassets in Resources */ = {isa = PBXBuildFile; fileRef = 65DA56EB1D6DD7BA00BE2365 /* Assets.xcassets */; };
		65DA56EE1D6DD7CB00BE2365 /* Info.plist in Resources */ = {isa = PBXBuildFile; fileRef = 65DA56ED1D6DD7CB00BE2365 /* Info.plist */; };
/* End PBXBuildFile section */

/* Begin PBXFileReference section */
		2EA8CB191D701DE2005379E2 /* WebSocket.swift */ = {isa = PBXFileReference; fileEncoding = 4; lastKnownFileType = sourcecode.swift; path = WebSocket.swift; sourceTree = "<group>"; };
		2EA8CB1B1D70220E005379E2 /* libz.tbd */ = {isa = PBXFileReference; lastKnownFileType = "sourcecode.text-based-dylib-definition"; name = libz.tbd; path = usr/lib/libz.tbd; sourceTree = SDKROOT; };
		65DA56BA1D6DD6E900BE2365 /* AssetTracker.app */ = {isa = PBXFileReference; explicitFileType = wrapper.application; includeInIndex = 0; path = AssetTracker.app; sourceTree = BUILT_PRODUCTS_DIR; };
		65DA56C71D6DD6E900BE2365 /* Base */ = {isa = PBXFileReference; lastKnownFileType = file.storyboard; name = Base; path = Base.lproj/LaunchScreen.storyboard; sourceTree = "<group>"; };
		65DA56CF1D6DD77500BE2365 /* Annotation.swift */ = {isa = PBXFileReference; fileEncoding = 4; lastKnownFileType = sourcecode.swift; path = Annotation.swift; sourceTree = "<group>"; };
		65DA56D01D6DD77500BE2365 /* AppDelegate.swift */ = {isa = PBXFileReference; fileEncoding = 4; lastKnownFileType = sourcecode.swift; path = AppDelegate.swift; sourceTree = "<group>"; };
		65DA56D11D6DD77500BE2365 /* ItemLiveViewController.swift */ = {isa = PBXFileReference; fileEncoding = 4; lastKnownFileType = sourcecode.swift; path = ItemLiveViewController.swift; sourceTree = "<group>"; };
		65DA56D21D6DD77500BE2365 /* ItemLiveViewController.xib */ = {isa = PBXFileReference; fileEncoding = 4; lastKnownFileType = file.xib; path = ItemLiveViewController.xib; sourceTree = "<group>"; };
		65DA56D31D6DD77500BE2365 /* ItemsListViewController.swift */ = {isa = PBXFileReference; fileEncoding = 4; lastKnownFileType = sourcecode.swift; path = ItemsListViewController.swift; sourceTree = "<group>"; };
		65DA56D41D6DD77500BE2365 /* ItemsListViewController.xib */ = {isa = PBXFileReference; fileEncoding = 4; lastKnownFileType = file.xib; path = ItemsListViewController.xib; sourceTree = "<group>"; };
		65DA56D51D6DD77500BE2365 /* ItemTableViewCell.swift */ = {isa = PBXFileReference; fileEncoding = 4; lastKnownFileType = sourcecode.swift; path = ItemTableViewCell.swift; sourceTree = "<group>"; };
		65DA56D61D6DD77500BE2365 /* ItemTableViewCell.xib */ = {isa = PBXFileReference; fileEncoding = 4; lastKnownFileType = file.xib; path = ItemTableViewCell.xib; sourceTree = "<group>"; };
		65DA56D81D6DD77500BE2365 /* MockAssetsAccess.swift */ = {isa = PBXFileReference; fileEncoding = 4; lastKnownFileType = sourcecode.swift; path = MockAssetsAccess.swift; sourceTree = "<group>"; };
		65DA56D91D6DD77500BE2365 /* MockLiveTracker.swift */ = {isa = PBXFileReference; fileEncoding = 4; lastKnownFileType = sourcecode.swift; path = MockLiveTracker.swift; sourceTree = "<group>"; };
		65DA56DA1D6DD77500BE2365 /* SimpleTableViewDataSource.swift */ = {isa = PBXFileReference; fileEncoding = 4; lastKnownFileType = sourcecode.swift; path = SimpleTableViewDataSource.swift; sourceTree = "<group>"; };
		65DA56DB1D6DD77500BE2365 /* String+UIImage.swift */ = {isa = PBXFileReference; fileEncoding = 4; lastKnownFileType = sourcecode.swift; path = "String+UIImage.swift"; sourceTree = "<group>"; };
		65DA56DC1D6DD77500BE2365 /* UIColor+Colorflow.swift */ = {isa = PBXFileReference; fileEncoding = 4; lastKnownFileType = sourcecode.swift; path = "UIColor+Colorflow.swift"; sourceTree = "<group>"; };
		65DA56EB1D6DD7BA00BE2365 /* Assets.xcassets */ = {isa = PBXFileReference; lastKnownFileType = folder.assetcatalog; path = Assets.xcassets; sourceTree = "<group>"; };
		65DA56ED1D6DD7CB00BE2365 /* Info.plist */ = {isa = PBXFileReference; fileEncoding = 4; lastKnownFileType = text.plist.xml; path = Info.plist; sourceTree = "<group>"; };
/* End PBXFileReference section */

/* Begin PBXFrameworksBuildPhase section */
		65DA56B71D6DD6E900BE2365 /* Frameworks */ = {
			isa = PBXFrameworksBuildPhase;
			buildActionMask = 2147483647;
			files = (
				2EA8CB1C1D70220E005379E2 /* libz.tbd in Frameworks */,
			);
			runOnlyForDeploymentPostprocessing = 0;
		};
/* End PBXFrameworksBuildPhase section */

/* Begin PBXGroup section */
		2EA8CB181D701DE2005379E2 /* External */ = {
			isa = PBXGroup;
			children = (
				2EA8CB191D701DE2005379E2 /* WebSocket.swift */,
			);
			path = External;
			sourceTree = SOURCE_ROOT;
		};
		65DA56B11D6DD6E900BE2365 = {
			isa = PBXGroup;
			children = (
				2EA8CB1B1D70220E005379E2 /* libz.tbd */,
				65DA56BC1D6DD6E900BE2365 /* AssetTracker */,
				65DA56BB1D6DD6E900BE2365 /* Products */,
			);
			sourceTree = "<group>";
		};
		65DA56BB1D6DD6E900BE2365 /* Products */ = {
			isa = PBXGroup;
			children = (
				65DA56BA1D6DD6E900BE2365 /* AssetTracker.app */,
			);
			name = Products;
			sourceTree = "<group>";
		};
		65DA56BC1D6DD6E900BE2365 /* AssetTracker */ = {
			isa = PBXGroup;
			children = (
				2EA8CB181D701DE2005379E2 /* External */,
				65DA56F21D6DD84B00BE2365 /* Item Live */,
				65DA56EF1D6DD80700BE2365 /* UI Components */,
				65DA56F01D6DD82100BE2365 /* Map View Components */,
				65DA56F11D6DD83400BE2365 /* Items List */,
				65DA56D01D6DD77500BE2365 /* AppDelegate.swift */,
				65DA56D81D6DD77500BE2365 /* MockAssetsAccess.swift */,
				65DA56D91D6DD77500BE2365 /* MockLiveTracker.swift */,
				65DA56C61D6DD6E900BE2365 /* LaunchScreen.storyboard */,
				65DA56EB1D6DD7BA00BE2365 /* Assets.xcassets */,
				65DA56ED1D6DD7CB00BE2365 /* Info.plist */,
			);
			path = AssetTracker;
			sourceTree = "<group>";
		};
		65DA56EF1D6DD80700BE2365 /* UI Components */ = {
			isa = PBXGroup;
			children = (
				65DA56DA1D6DD77500BE2365 /* SimpleTableViewDataSource.swift */,
				65DA56DC1D6DD77500BE2365 /* UIColor+Colorflow.swift */,
				65DA56DB1D6DD77500BE2365 /* String+UIImage.swift */,
			);
			name = "UI Components";
			sourceTree = "<group>";
		};
		65DA56F01D6DD82100BE2365 /* Map View Components */ = {
			isa = PBXGroup;
			children = (
				65DA56CF1D6DD77500BE2365 /* Annotation.swift */,
			);
			name = "Map View Components";
			sourceTree = "<group>";
		};
		65DA56F11D6DD83400BE2365 /* Items List */ = {
			isa = PBXGroup;
			children = (
				65DA56D31D6DD77500BE2365 /* ItemsListViewController.swift */,
				65DA56D41D6DD77500BE2365 /* ItemsListViewController.xib */,
				65DA56D51D6DD77500BE2365 /* ItemTableViewCell.swift */,
				65DA56D61D6DD77500BE2365 /* ItemTableViewCell.xib */,
			);
			name = "Items List";
			sourceTree = "<group>";
		};
		65DA56F21D6DD84B00BE2365 /* Item Live */ = {
			isa = PBXGroup;
			children = (
				65DA56D11D6DD77500BE2365 /* ItemLiveViewController.swift */,
				65DA56D21D6DD77500BE2365 /* ItemLiveViewController.xib */,
			);
			name = "Item Live";
			sourceTree = "<group>";
		};
/* End PBXGroup section */

/* Begin PBXNativeTarget section */
		65DA56B91D6DD6E900BE2365 /* AssetTracker */ = {
			isa = PBXNativeTarget;
			buildConfigurationList = 65DA56CC1D6DD6E900BE2365 /* Build configuration list for PBXNativeTarget "AssetTracker" */;
			buildPhases = (
				65DA56B61D6DD6E900BE2365 /* Sources */,
				65DA56B71D6DD6E900BE2365 /* Frameworks */,
				65DA56B81D6DD6E900BE2365 /* Resources */,
			);
			buildRules = (
			);
			dependencies = (
			);
			name = AssetTracker;
			productName = AssetTracker;
			productReference = 65DA56BA1D6DD6E900BE2365 /* AssetTracker.app */;
			productType = "com.apple.product-type.application";
		};
/* End PBXNativeTarget section */

/* Begin PBXProject section */
		65DA56B21D6DD6E900BE2365 /* Project object */ = {
			isa = PBXProject;
			attributes = {
				LastSwiftUpdateCheck = 0730;
				LastUpgradeCheck = 0730;
				ORGANIZATIONNAME = "Trifork GmbH";
				TargetAttributes = {
					65DA56B91D6DD6E900BE2365 = {
						CreatedOnToolsVersion = 7.3.1;
					};
				};
			};
			buildConfigurationList = 65DA56B51D6DD6E900BE2365 /* Build configuration list for PBXProject "AssetTracker" */;
			compatibilityVersion = "Xcode 3.2";
			developmentRegion = English;
			hasScannedForEncodings = 0;
			knownRegions = (
				en,
				Base,
			);
			mainGroup = 65DA56B11D6DD6E900BE2365;
			productRefGroup = 65DA56BB1D6DD6E900BE2365 /* Products */;
			projectDirPath = "";
			projectRoot = "";
			targets = (
				65DA56B91D6DD6E900BE2365 /* AssetTracker */,
			);
		};
/* End PBXProject section */

/* Begin PBXResourcesBuildPhase section */
		65DA56B81D6DD6E900BE2365 /* Resources */ = {
			isa = PBXResourcesBuildPhase;
			buildActionMask = 2147483647;
			files = (
				65DA56E41D6DD77500BE2365 /* ItemTableViewCell.xib in Resources */,
				65DA56E21D6DD77500BE2365 /* ItemsListViewController.xib in Resources */,
				65DA56EE1D6DD7CB00BE2365 /* Info.plist in Resources */,
				65DA56C81D6DD6E900BE2365 /* LaunchScreen.storyboard in Resources */,
				65DA56E01D6DD77500BE2365 /* ItemLiveViewController.xib in Resources */,
				65DA56EC1D6DD7BA00BE2365 /* Assets.xcassets in Resources */,
			);
			runOnlyForDeploymentPostprocessing = 0;
		};
/* End PBXResourcesBuildPhase section */

/* Begin PBXSourcesBuildPhase section */
		65DA56B61D6DD6E900BE2365 /* Sources */ = {
			isa = PBXSourcesBuildPhase;
			buildActionMask = 2147483647;
			files = (
				65DA56DF1D6DD77500BE2365 /* ItemLiveViewController.swift in Sources */,
				65DA56E11D6DD77500BE2365 /* ItemsListViewController.swift in Sources */,
				65DA56E81D6DD77500BE2365 /* SimpleTableViewDataSource.swift in Sources */,
				2EA8CB1A1D701DE2005379E2 /* WebSocket.swift in Sources */,
				65DA56E61D6DD77500BE2365 /* MockAssetsAccess.swift in Sources */,
				65DA56E91D6DD77500BE2365 /* String+UIImage.swift in Sources */,
				65DA56EA1D6DD77500BE2365 /* UIColor+Colorflow.swift in Sources */,
				65DA56E31D6DD77500BE2365 /* ItemTableViewCell.swift in Sources */,
				65DA56E71D6DD77500BE2365 /* MockLiveTracker.swift in Sources */,
				65DA56DE1D6DD77500BE2365 /* AppDelegate.swift in Sources */,
				65DA56DD1D6DD77500BE2365 /* Annotation.swift in Sources */,
			);
			runOnlyForDeploymentPostprocessing = 0;
		};
/* End PBXSourcesBuildPhase section */

/* Begin PBXVariantGroup section */
		65DA56C61D6DD6E900BE2365 /* LaunchScreen.storyboard */ = {
			isa = PBXVariantGroup;
			children = (
				65DA56C71D6DD6E900BE2365 /* Base */,
			);
			name = LaunchScreen.storyboard;
			sourceTree = "<group>";
		};
/* End PBXVariantGroup section */

/* Begin XCBuildConfiguration section */
		65DA56CA1D6DD6E900BE2365 /* Debug */ = {
			isa = XCBuildConfiguration;
			buildSettings = {
				ALWAYS_SEARCH_USER_PATHS = NO;
				CLANG_ANALYZER_NONNULL = YES;
				CLANG_CXX_LANGUAGE_STANDARD = "gnu++0x";
				CLANG_CXX_LIBRARY = "libc++";
				CLANG_ENABLE_MODULES = YES;
				CLANG_ENABLE_OBJC_ARC = YES;
				CLANG_WARN_BOOL_CONVERSION = YES;
				CLANG_WARN_CONSTANT_CONVERSION = YES;
				CLANG_WARN_DIRECT_OBJC_ISA_USAGE = YES_ERROR;
				CLANG_WARN_EMPTY_BODY = YES;
				CLANG_WARN_ENUM_CONVERSION = YES;
				CLANG_WARN_INT_CONVERSION = YES;
				CLANG_WARN_OBJC_ROOT_CLASS = YES_ERROR;
				CLANG_WARN_UNREACHABLE_CODE = YES;
				CLANG_WARN__DUPLICATE_METHOD_MATCH = YES;
				"CODE_SIGN_IDENTITY[sdk=iphoneos*]" = "iPhone Developer";
				COPY_PHASE_STRIP = NO;
				DEBUG_INFORMATION_FORMAT = dwarf;
				ENABLE_STRICT_OBJC_MSGSEND = YES;
				ENABLE_TESTABILITY = YES;
				GCC_C_LANGUAGE_STANDARD = gnu99;
				GCC_DYNAMIC_NO_PIC = NO;
				GCC_NO_COMMON_BLOCKS = YES;
				GCC_OPTIMIZATION_LEVEL = 0;
				GCC_PREPROCESSOR_DEFINITIONS = (
					"DEBUG=1",
					"$(inherited)",
				);
				GCC_WARN_64_TO_32_BIT_CONVERSION = YES;
				GCC_WARN_ABOUT_RETURN_TYPE = YES_ERROR;
				GCC_WARN_UNDECLARED_SELECTOR = YES;
				GCC_WARN_UNINITIALIZED_AUTOS = YES_AGGRESSIVE;
				GCC_WARN_UNUSED_FUNCTION = YES;
				GCC_WARN_UNUSED_VARIABLE = YES;
				IPHONEOS_DEPLOYMENT_TARGET = 9.3;
				MTL_ENABLE_DEBUG_INFO = YES;
				ONLY_ACTIVE_ARCH = YES;
				SDKROOT = iphoneos;
				SWIFT_OPTIMIZATION_LEVEL = "-Onone";
				TARGETED_DEVICE_FAMILY = "1,2";
			};
			name = Debug;
		};
		65DA56CB1D6DD6E900BE2365 /* Release */ = {
			isa = XCBuildConfiguration;
			buildSettings = {
				ALWAYS_SEARCH_USER_PATHS = NO;
				CLANG_ANALYZER_NONNULL = YES;
				CLANG_CXX_LANGUAGE_STANDARD = "gnu++0x";
				CLANG_CXX_LIBRARY = "libc++";
				CLANG_ENABLE_MODULES = YES;
				CLANG_ENABLE_OBJC_ARC = YES;
				CLANG_WARN_BOOL_CONVERSION = YES;
				CLANG_WARN_CONSTANT_CONVERSION = YES;
				CLANG_WARN_DIRECT_OBJC_ISA_USAGE = YES_ERROR;
				CLANG_WARN_EMPTY_BODY = YES;
				CLANG_WARN_ENUM_CONVERSION = YES;
				CLANG_WARN_INT_CONVERSION = YES;
				CLANG_WARN_OBJC_ROOT_CLASS = YES_ERROR;
				CLANG_WARN_UNREACHABLE_CODE = YES;
				CLANG_WARN__DUPLICATE_METHOD_MATCH = YES;
				"CODE_SIGN_IDENTITY[sdk=iphoneos*]" = "iPhone Developer";
				COPY_PHASE_STRIP = NO;
				DEBUG_INFORMATION_FORMAT = "dwarf-with-dsym";
				ENABLE_NS_ASSERTIONS = NO;
				ENABLE_STRICT_OBJC_MSGSEND = YES;
				GCC_C_LANGUAGE_STANDARD = gnu99;
				GCC_NO_COMMON_BLOCKS = YES;
				GCC_WARN_64_TO_32_BIT_CONVERSION = YES;
				GCC_WARN_ABOUT_RETURN_TYPE = YES_ERROR;
				GCC_WARN_UNDECLARED_SELECTOR = YES;
				GCC_WARN_UNINITIALIZED_AUTOS = YES_AGGRESSIVE;
				GCC_WARN_UNUSED_FUNCTION = YES;
				GCC_WARN_UNUSED_VARIABLE = YES;
				IPHONEOS_DEPLOYMENT_TARGET = 9.3;
				MTL_ENABLE_DEBUG_INFO = NO;
				SDKROOT = iphoneos;
				TARGETED_DEVICE_FAMILY = "1,2";
				VALIDATE_PRODUCT = YES;
			};
			name = Release;
		};
		65DA56CD1D6DD6E900BE2365 /* Debug */ = {
			isa = XCBuildConfiguration;
			buildSettings = {
				ASSETCATALOG_COMPILER_APPICON_NAME = AppIcon;
				CLANG_ENABLE_MODULES = YES;
				INFOPLIST_FILE = AssetTracker/Info.plist;
				LD_RUNPATH_SEARCH_PATHS = "$(inherited) @executable_path/Frameworks";
				PRODUCT_BUNDLE_IDENTIFIER = com.trifork.AssetTracker;
				PRODUCT_NAME = "$(TARGET_NAME)";
				SWIFT_OPTIMIZATION_LEVEL = "-Onone";
			};
			name = Debug;
		};
		65DA56CE1D6DD6E900BE2365 /* Release */ = {
			isa = XCBuildConfiguration;
			buildSettings = {
				ASSETCATALOG_COMPILER_APPICON_NAME = AppIcon;
				CLANG_ENABLE_MODULES = YES;
				INFOPLIST_FILE = AssetTracker/Info.plist;
				LD_RUNPATH_SEARCH_PATHS = "$(inherited) @executable_path/Frameworks";
				PRODUCT_BUNDLE_IDENTIFIER = com.trifork.AssetTracker;
				PRODUCT_NAME = "$(TARGET_NAME)";
			};
			name = Release;
		};
/* End XCBuildConfiguration section */

/* Begin XCConfigurationList section */
		65DA56B51D6DD6E900BE2365 /* Build configuration list for PBXProject "AssetTracker" */ = {
			isa = XCConfigurationList;
			buildConfigurations = (
				65DA56CA1D6DD6E900BE2365 /* Debug */,
				65DA56CB1D6DD6E900BE2365 /* Release */,
			);
			defaultConfigurationIsVisible = 0;
			defaultConfigurationName = Release;
		};
		65DA56CC1D6DD6E900BE2365 /* Build configuration list for PBXNativeTarget "AssetTracker" */ = {
			isa = XCConfigurationList;
			buildConfigurations = (
				65DA56CD1D6DD6E900BE2365 /* Debug */,
				65DA56CE1D6DD6E900BE2365 /* Release */,
			);
			defaultConfigurationIsVisible = 0;
			defaultConfigurationName = Release;
		};
/* End XCConfigurationList section */
	};
	rootObject = 65DA56B21D6DD6E900BE2365 /* Project object */;
}
